
Microsoft Visual Studio Solution File, Format Version 12.00
# Visual Studio Version 16
VisualStudioVersion = 16.0.31025.194
MinimumVisualStudioVersion = 10.0.40219.1
Project("{FAE04EC0-301F-11D3-BF4B-00C04F79EFBC}") = "Compras_Supermercado", "Compras_Supermercado.csproj", "{A1FDB56B-FC93-4AED-BCFE-C07616B7D936}"
EndProject
Global
	GlobalSection(SolutionConfigurationPlatforms) = preSolution
		Debug|Any CPU = Debug|Any CPU
		Release|Any CPU = Release|Any CPU
	EndGlobalSection
	GlobalSection(ProjectConfigurationPlatforms) = postSolution
		{A1FDB56B-FC93-4AED-BCFE-C07616B7D936}.Debug|Any CPU.ActiveCfg = Debug|Any CPU
		{A1FDB56B-FC93-4AED-BCFE-C07616B7D936}.Debug|Any CPU.Build.0 = Debug|Any CPU
		{A1FDB56B-FC93-4AED-BCFE-C07616B7D936}.Release|Any CPU.ActiveCfg = Release|Any CPU
		{A1FDB56B-FC93-4AED-BCFE-C07616B7D936}.Release|Any CPU.Build.0 = Release|Any CPU
	EndGlobalSection
	GlobalSection(SolutionProperties) = preSolution
		HideSolutionNode = FALSE
	EndGlobalSection
	GlobalSection(ExtensibilityGlobals) = postSolution
		SolutionGuid = {BE8F8FAD-872B-4CFF-885A-8C6199D35D0A}
	EndGlobalSection
EndGlobal
