
Microsoft Visual Studio Solution File, Format Version 12.00
# Visual Studio Version 16
VisualStudioVersion = 16.0.31025.194
MinimumVisualStudioVersion = 10.0.40219.1
Project("{FAE04EC0-301F-11D3-BF4B-00C04F79EFBC}") = "Tempo_De_Um_Evento", "Tempo_De_Um_Evento.csproj", "{10301E13-F2AD-487B-95F4-AAC476A9EDDB}"
EndProject
Global
	GlobalSection(SolutionConfigurationPlatforms) = preSolution
		Debug|Any CPU = Debug|Any CPU
		Release|Any CPU = Release|Any CPU
	EndGlobalSection
	GlobalSection(ProjectConfigurationPlatforms) = postSolution
		{10301E13-F2AD-487B-95F4-AAC476A9EDDB}.Debug|Any CPU.ActiveCfg = Debug|Any CPU
		{10301E13-F2AD-487B-95F4-AAC476A9EDDB}.Debug|Any CPU.Build.0 = Debug|Any CPU
		{10301E13-F2AD-487B-95F4-AAC476A9EDDB}.Release|Any CPU.ActiveCfg = Release|Any CPU
		{10301E13-F2AD-487B-95F4-AAC476A9EDDB}.Release|Any CPU.Build.0 = Release|Any CPU
	EndGlobalSection
	GlobalSection(SolutionProperties) = preSolution
		HideSolutionNode = FALSE
	EndGlobalSection
	GlobalSection(ExtensibilityGlobals) = postSolution
		SolutionGuid = {B761B688-D683-4353-A0F6-0960FDF21A32}
	EndGlobalSection
EndGlobal
