
Microsoft Visual Studio Solution File, Format Version 12.00
# Visual Studio Version 16
VisualStudioVersion = 16.0.31025.194
MinimumVisualStudioVersion = 10.0.40219.1
Project("{FAE04EC0-301F-11D3-BF4B-00C04F79EFBC}") = "Coxinha_De_Bueno", "Coxinha_De_Bueno.csproj", "{CFB756B5-5B9E-4FAE-8730-9599C4B0C3FE}"
EndProject
Global
	GlobalSection(SolutionConfigurationPlatforms) = preSolution
		Debug|Any CPU = Debug|Any CPU
		Release|Any CPU = Release|Any CPU
	EndGlobalSection
	GlobalSection(ProjectConfigurationPlatforms) = postSolution
		{CFB756B5-5B9E-4FAE-8730-9599C4B0C3FE}.Debug|Any CPU.ActiveCfg = Debug|Any CPU
		{CFB756B5-5B9E-4FAE-8730-9599C4B0C3FE}.Debug|Any CPU.Build.0 = Debug|Any CPU
		{CFB756B5-5B9E-4FAE-8730-9599C4B0C3FE}.Release|Any CPU.ActiveCfg = Release|Any CPU
		{CFB756B5-5B9E-4FAE-8730-9599C4B0C3FE}.Release|Any CPU.Build.0 = Release|Any CPU
	EndGlobalSection
	GlobalSection(SolutionProperties) = preSolution
		HideSolutionNode = FALSE
	EndGlobalSection
	GlobalSection(ExtensibilityGlobals) = postSolution
		SolutionGuid = {779FCFFE-8F23-4E14-B6F9-6AF9CDACAE13}
	EndGlobalSection
EndGlobal
