
Microsoft Visual Studio Solution File, Format Version 12.00
# Visual Studio Version 16
VisualStudioVersion = 16.0.31025.194
MinimumVisualStudioVersion = 10.0.40219.1
Project("{FAE04EC0-301F-11D3-BF4B-00C04F79EFBC}") = "Comunicacao_Em_Piralandia", "Comunicacao_Em_Piralandia.csproj", "{C7C55C7A-5859-4A4B-9E2C-6C34B81881E7}"
EndProject
Global
	GlobalSection(SolutionConfigurationPlatforms) = preSolution
		Debug|Any CPU = Debug|Any CPU
		Release|Any CPU = Release|Any CPU
	EndGlobalSection
	GlobalSection(ProjectConfigurationPlatforms) = postSolution
		{C7C55C7A-5859-4A4B-9E2C-6C34B81881E7}.Debug|Any CPU.ActiveCfg = Debug|Any CPU
		{C7C55C7A-5859-4A4B-9E2C-6C34B81881E7}.Debug|Any CPU.Build.0 = Debug|Any CPU
		{C7C55C7A-5859-4A4B-9E2C-6C34B81881E7}.Release|Any CPU.ActiveCfg = Release|Any CPU
		{C7C55C7A-5859-4A4B-9E2C-6C34B81881E7}.Release|Any CPU.Build.0 = Release|Any CPU
	EndGlobalSection
	GlobalSection(SolutionProperties) = preSolution
		HideSolutionNode = FALSE
	EndGlobalSection
	GlobalSection(ExtensibilityGlobals) = postSolution
		SolutionGuid = {A1ED72E3-1CD6-41F7-8D96-ADE247A03128}
	EndGlobalSection
EndGlobal
