
Microsoft Visual Studio Solution File, Format Version 12.00
# Visual Studio Version 16
VisualStudioVersion = 16.0.31025.194
MinimumVisualStudioVersion = 10.0.40219.1
Project("{FAE04EC0-301F-11D3-BF4B-00C04F79EFBC}") = "Api", "Api.csproj", "{ECBA6670-E6C4-4E61-B397-EB493D830257}"
EndProject
Global
	GlobalSection(SolutionConfigurationPlatforms) = preSolution
		Debug|Any CPU = Debug|Any CPU
		Release|Any CPU = Release|Any CPU
	EndGlobalSection
	GlobalSection(ProjectConfigurationPlatforms) = postSolution
		{ECBA6670-E6C4-4E61-B397-EB493D830257}.Debug|Any CPU.ActiveCfg = Debug|Any CPU
		{ECBA6670-E6C4-4E61-B397-EB493D830257}.Debug|Any CPU.Build.0 = Debug|Any CPU
		{ECBA6670-E6C4-4E61-B397-EB493D830257}.Release|Any CPU.ActiveCfg = Release|Any CPU
		{ECBA6670-E6C4-4E61-B397-EB493D830257}.Release|Any CPU.Build.0 = Release|Any CPU
	EndGlobalSection
	GlobalSection(SolutionProperties) = preSolution
		HideSolutionNode = FALSE
	EndGlobalSection
	GlobalSection(ExtensibilityGlobals) = postSolution
		SolutionGuid = {027E4C4F-E167-4B24-83B9-D593BB9ED0EB}
	EndGlobalSection
EndGlobal
