
Microsoft Visual Studio Solution File, Format Version 12.00
# Visual Studio Version 16
VisualStudioVersion = 16.0.31005.135
MinimumVisualStudioVersion = 10.0.40219.1
Project("{FAE04EC0-301F-11D3-BF4B-00C04F79EFBC}") = "Visita_Na_Feira", "Visita_Na_Feira.csproj", "{0C12FC26-0B94-4CCB-80A8-14413A0E646F}"
EndProject
Global
	GlobalSection(SolutionConfigurationPlatforms) = preSolution
		Debug|Any CPU = Debug|Any CPU
		Release|Any CPU = Release|Any CPU
	EndGlobalSection
	GlobalSection(ProjectConfigurationPlatforms) = postSolution
		{0C12FC26-0B94-4CCB-80A8-14413A0E646F}.Debug|Any CPU.ActiveCfg = Debug|Any CPU
		{0C12FC26-0B94-4CCB-80A8-14413A0E646F}.Debug|Any CPU.Build.0 = Debug|Any CPU
		{0C12FC26-0B94-4CCB-80A8-14413A0E646F}.Release|Any CPU.ActiveCfg = Release|Any CPU
		{0C12FC26-0B94-4CCB-80A8-14413A0E646F}.Release|Any CPU.Build.0 = Release|Any CPU
	EndGlobalSection
	GlobalSection(SolutionProperties) = preSolution
		HideSolutionNode = FALSE
	EndGlobalSection
	GlobalSection(ExtensibilityGlobals) = postSolution
		SolutionGuid = {44A421D5-8B11-4259-BA83-3C6AAB1EB812}
	EndGlobalSection
EndGlobal
