
Microsoft Visual Studio Solution File, Format Version 12.00
# Visual Studio Version 16
VisualStudioVersion = 16.0.31025.194
MinimumVisualStudioVersion = 10.0.40219.1
Project("{FAE04EC0-301F-11D3-BF4B-00C04F79EFBC}") = "Bazinga", "Bazinga.csproj", "{6C703978-799E-449C-A5E3-88E630136800}"
EndProject
Global
	GlobalSection(SolutionConfigurationPlatforms) = preSolution
		Debug|Any CPU = Debug|Any CPU
		Release|Any CPU = Release|Any CPU
	EndGlobalSection
	GlobalSection(ProjectConfigurationPlatforms) = postSolution
		{6C703978-799E-449C-A5E3-88E630136800}.Debug|Any CPU.ActiveCfg = Debug|Any CPU
		{6C703978-799E-449C-A5E3-88E630136800}.Debug|Any CPU.Build.0 = Debug|Any CPU
		{6C703978-799E-449C-A5E3-88E630136800}.Release|Any CPU.ActiveCfg = Release|Any CPU
		{6C703978-799E-449C-A5E3-88E630136800}.Release|Any CPU.Build.0 = Release|Any CPU
	EndGlobalSection
	GlobalSection(SolutionProperties) = preSolution
		HideSolutionNode = FALSE
	EndGlobalSection
	GlobalSection(ExtensibilityGlobals) = postSolution
		SolutionGuid = {A81CE98D-8D0E-4DA3-9AC7-EC9E6CB611F0}
	EndGlobalSection
EndGlobal
