
Microsoft Visual Studio Solution File, Format Version 12.00
# Visual Studio Version 16
VisualStudioVersion = 16.0.31025.194
MinimumVisualStudioVersion = 10.0.40219.1
Project("{FAE04EC0-301F-11D3-BF4B-00C04F79EFBC}") = "Teste_Selecao", "Teste_Selecao.csproj", "{14352E40-1771-40D4-8648-8D569F986CF7}"
EndProject
Global
	GlobalSection(SolutionConfigurationPlatforms) = preSolution
		Debug|Any CPU = Debug|Any CPU
		Release|Any CPU = Release|Any CPU
	EndGlobalSection
	GlobalSection(ProjectConfigurationPlatforms) = postSolution
		{14352E40-1771-40D4-8648-8D569F986CF7}.Debug|Any CPU.ActiveCfg = Debug|Any CPU
		{14352E40-1771-40D4-8648-8D569F986CF7}.Debug|Any CPU.Build.0 = Debug|Any CPU
		{14352E40-1771-40D4-8648-8D569F986CF7}.Release|Any CPU.ActiveCfg = Release|Any CPU
		{14352E40-1771-40D4-8648-8D569F986CF7}.Release|Any CPU.Build.0 = Release|Any CPU
	EndGlobalSection
	GlobalSection(SolutionProperties) = preSolution
		HideSolutionNode = FALSE
	EndGlobalSection
	GlobalSection(ExtensibilityGlobals) = postSolution
		SolutionGuid = {5934493F-C58C-469E-BA51-85F10B65F839}
	EndGlobalSection
EndGlobal
