
Microsoft Visual Studio Solution File, Format Version 12.00
# Visual Studio Version 16
VisualStudioVersion = 16.0.31025.194
MinimumVisualStudioVersion = 10.0.40219.1
Project("{FAE04EC0-301F-11D3-BF4B-00C04F79EFBC}") = "Notas_De_Um_Aluno", "Notas_De_Um_Aluno.csproj", "{8B9A04ED-EB0C-43CD-B9C2-0D5F9DD24EB3}"
EndProject
Global
	GlobalSection(SolutionConfigurationPlatforms) = preSolution
		Debug|Any CPU = Debug|Any CPU
		Release|Any CPU = Release|Any CPU
	EndGlobalSection
	GlobalSection(ProjectConfigurationPlatforms) = postSolution
		{8B9A04ED-EB0C-43CD-B9C2-0D5F9DD24EB3}.Debug|Any CPU.ActiveCfg = Debug|Any CPU
		{8B9A04ED-EB0C-43CD-B9C2-0D5F9DD24EB3}.Debug|Any CPU.Build.0 = Debug|Any CPU
		{8B9A04ED-EB0C-43CD-B9C2-0D5F9DD24EB3}.Release|Any CPU.ActiveCfg = Release|Any CPU
		{8B9A04ED-EB0C-43CD-B9C2-0D5F9DD24EB3}.Release|Any CPU.Build.0 = Release|Any CPU
	EndGlobalSection
	GlobalSection(SolutionProperties) = preSolution
		HideSolutionNode = FALSE
	EndGlobalSection
	GlobalSection(ExtensibilityGlobals) = postSolution
		SolutionGuid = {2EEC759B-F478-4BB8-AB53-8D6BED3C6B17}
	EndGlobalSection
EndGlobal
