
Microsoft Visual Studio Solution File, Format Version 12.00
# Visual Studio Version 16
VisualStudioVersion = 16.0.31025.194
MinimumVisualStudioVersion = 10.0.40219.1
Project("{FAE04EC0-301F-11D3-BF4B-00C04F79EFBC}") = "Fila_Do_Banco", "Fila_Do_Banco.csproj", "{958CA4AE-7E64-4E20-9BAD-CA52ADE565D0}"
EndProject
Global
	GlobalSection(SolutionConfigurationPlatforms) = preSolution
		Debug|Any CPU = Debug|Any CPU
		Release|Any CPU = Release|Any CPU
	EndGlobalSection
	GlobalSection(ProjectConfigurationPlatforms) = postSolution
		{958CA4AE-7E64-4E20-9BAD-CA52ADE565D0}.Debug|Any CPU.ActiveCfg = Debug|Any CPU
		{958CA4AE-7E64-4E20-9BAD-CA52ADE565D0}.Debug|Any CPU.Build.0 = Debug|Any CPU
		{958CA4AE-7E64-4E20-9BAD-CA52ADE565D0}.Release|Any CPU.ActiveCfg = Release|Any CPU
		{958CA4AE-7E64-4E20-9BAD-CA52ADE565D0}.Release|Any CPU.Build.0 = Release|Any CPU
	EndGlobalSection
	GlobalSection(SolutionProperties) = preSolution
		HideSolutionNode = FALSE
	EndGlobalSection
	GlobalSection(ExtensibilityGlobals) = postSolution
		SolutionGuid = {533128CE-EFD5-421D-BE0D-70F80D56755A}
	EndGlobalSection
EndGlobal
