
Microsoft Visual Studio Solution File, Format Version 12.00
# Visual Studio Version 16
VisualStudioVersion = 16.0.31205.134
MinimumVisualStudioVersion = 10.0.40219.1
Project("{FAE04EC0-301F-11D3-BF4B-00C04F79EFBC}") = "Catalogo_Api", "Catalogo_Api.csproj", "{A949A986-16F0-4C70-A019-4444EEDB0845}"
EndProject
Global
	GlobalSection(SolutionConfigurationPlatforms) = preSolution
		Debug|Any CPU = Debug|Any CPU
		Release|Any CPU = Release|Any CPU
	EndGlobalSection
	GlobalSection(ProjectConfigurationPlatforms) = postSolution
		{A949A986-16F0-4C70-A019-4444EEDB0845}.Debug|Any CPU.ActiveCfg = Debug|Any CPU
		{A949A986-16F0-4C70-A019-4444EEDB0845}.Debug|Any CPU.Build.0 = Debug|Any CPU
		{A949A986-16F0-4C70-A019-4444EEDB0845}.Release|Any CPU.ActiveCfg = Release|Any CPU
		{A949A986-16F0-4C70-A019-4444EEDB0845}.Release|Any CPU.Build.0 = Release|Any CPU
	EndGlobalSection
	GlobalSection(SolutionProperties) = preSolution
		HideSolutionNode = FALSE
	EndGlobalSection
	GlobalSection(ExtensibilityGlobals) = postSolution
		SolutionGuid = {B66E6BF4-3372-4543-AE93-567C53C0FE5F}
	EndGlobalSection
EndGlobal
