
Microsoft Visual Studio Solution File, Format Version 12.00
# Visual Studio Version 16
VisualStudioVersion = 16.0.31025.194
MinimumVisualStudioVersion = 10.0.40219.1
Project("{FAE04EC0-301F-11D3-BF4B-00C04F79EFBC}") = "Programa_Para_Validacao_De_Notas", "Programa_Para_Validacao_De_Notas.csproj", "{DB69F699-7B2C-4C81-815C-10E8C7178543}"
EndProject
Global
	GlobalSection(SolutionConfigurationPlatforms) = preSolution
		Debug|Any CPU = Debug|Any CPU
		Release|Any CPU = Release|Any CPU
	EndGlobalSection
	GlobalSection(ProjectConfigurationPlatforms) = postSolution
		{DB69F699-7B2C-4C81-815C-10E8C7178543}.Debug|Any CPU.ActiveCfg = Debug|Any CPU
		{DB69F699-7B2C-4C81-815C-10E8C7178543}.Debug|Any CPU.Build.0 = Debug|Any CPU
		{DB69F699-7B2C-4C81-815C-10E8C7178543}.Release|Any CPU.ActiveCfg = Release|Any CPU
		{DB69F699-7B2C-4C81-815C-10E8C7178543}.Release|Any CPU.Build.0 = Release|Any CPU
	EndGlobalSection
	GlobalSection(SolutionProperties) = preSolution
		HideSolutionNode = FALSE
	EndGlobalSection
	GlobalSection(ExtensibilityGlobals) = postSolution
		SolutionGuid = {91B3AECF-25C5-4BAB-827C-FDD7FB275939}
	EndGlobalSection
EndGlobal
