
Microsoft Visual Studio Solution File, Format Version 12.00
# Visual Studio Version 16
VisualStudioVersion = 16.0.31005.135
MinimumVisualStudioVersion = 10.0.40219.1
Project("{FAE04EC0-301F-11D3-BF4B-00C04F79EFBC}") = "01-Visita_Na_Feira", "01-Visita_Na_Feira.csproj", "{10AA6949-5868-4655-AC84-FE4B6EF57377}"
EndProject
Global
	GlobalSection(SolutionConfigurationPlatforms) = preSolution
		Debug|Any CPU = Debug|Any CPU
		Release|Any CPU = Release|Any CPU
	EndGlobalSection
	GlobalSection(ProjectConfigurationPlatforms) = postSolution
		{10AA6949-5868-4655-AC84-FE4B6EF57377}.Debug|Any CPU.ActiveCfg = Debug|Any CPU
		{10AA6949-5868-4655-AC84-FE4B6EF57377}.Debug|Any CPU.Build.0 = Debug|Any CPU
		{10AA6949-5868-4655-AC84-FE4B6EF57377}.Release|Any CPU.ActiveCfg = Release|Any CPU
		{10AA6949-5868-4655-AC84-FE4B6EF57377}.Release|Any CPU.Build.0 = Release|Any CPU
	EndGlobalSection
	GlobalSection(SolutionProperties) = preSolution
		HideSolutionNode = FALSE
	EndGlobalSection
	GlobalSection(ExtensibilityGlobals) = postSolution
		SolutionGuid = {2898CA56-F7FF-48CB-BE2D-D8DEE4FD6508}
	EndGlobalSection
EndGlobal
